
Microsoft Visual Studio Solution File, Format Version 12.00
Project("{FAE04EC0-301F-11D3-BF4B-00C04F79EFBC}") = "MeteredPDUWebNew", "MeteredPDUWebNew.csproj", "{9844888F-5415-4944-A8D0-F63FF28C47D8}"
EndProject
Global
	GlobalSection(SolutionConfigurationPlatforms) = preSolution
		Debug|Any CPU = Debug|Any CPU
		Release|Any CPU = Release|Any CPU
	EndGlobalSection
	GlobalSection(ProjectConfigurationPlatforms) = postSolution
		{9844888F-5415-4944-A8D0-F63FF28C47D8}.Debug|Any CPU.ActiveCfg = Debug|Any CPU
		{9844888F-5415-4944-A8D0-F63FF28C47D8}.Debug|Any CPU.Build.0 = Debug|Any CPU
		{9844888F-5415-4944-A8D0-F63FF28C47D8}.Release|Any CPU.ActiveCfg = Release|Any CPU
		{9844888F-5415-4944-A8D0-F63FF28C47D8}.Release|Any CPU.Build.0 = Release|Any CPU
	EndGlobalSection
EndGlobal
